// !$*UTF8*$!
{
	archiveVersion = 1;
	classes = {
	};
	objectVersion = 46;
	objects = {

/* Begin PBXBuildFile section */
		1BC2DF791AA2A6F1003CC510 /* main.m in Sources */ = {isa = PBXBuildFile; fileRef = 1BC2DF781AA2A6F1003CC510 /* main.m */; };
		1BC2DF7C1AA2A6F1003CC510 /* AppDelegate.m in Sources */ = {isa = PBXBuildFile; fileRef = 1BC2DF7B1AA2A6F1003CC510 /* AppDelegate.m */; };
		1BC2DF821AA2A6F1003CC510 /* Main.storyboard in Resources */ = {isa = PBXBuildFile; fileRef = 1BC2DF801AA2A6F1003CC510 /* Main.storyboard */; };
		1BC2DF841AA2A6F1003CC510 /* Images.xcassets in Resources */ = {isa = PBXBuildFile; fileRef = 1BC2DF831AA2A6F1003CC510 /* Images.xcassets */; };
		1BC2DF871AA2A6F1003CC510 /* LaunchScreen.xib in Resources */ = {isa = PBXBuildFile; fileRef = 1BC2DF851AA2A6F1003CC510 /* LaunchScreen.xib */; };
		1BC2DF931AA2A6F1003CC510 /* SelflessTests.m in Sources */ = {isa = PBXBuildFile; fileRef = 1BC2DF921AA2A6F1003CC510 /* SelflessTests.m */; };
		5EBB6B16567F97DDF038657E /* libPods-Selfless.a in Frameworks */ = {isa = PBXBuildFile; fileRef = 32858206D0C03404289BE272 /* libPods-Selfless.a */; };
		810492811AA2E00D0009EF39 /* logout.png in Resources */ = {isa = PBXBuildFile; fileRef = 810492761AA2E00D0009EF39 /* logout.png */; };
		810492821AA2E00D0009EF39 /* about.png in Resources */ = {isa = PBXBuildFile; fileRef = 810492771AA2E00D0009EF39 /* about.png */; };
		810492831AA2E00D0009EF39 /* charity.png in Resources */ = {isa = PBXBuildFile; fileRef = 810492781AA2E00D0009EF39 /* charity.png */; };
		810492861AA2E00D0009EF39 /* feed.png in Resources */ = {isa = PBXBuildFile; fileRef = 8104927B1AA2E00D0009EF39 /* feed.png */; };
		810492871AA2E00D0009EF39 /* settings.png in Resources */ = {isa = PBXBuildFile; fileRef = 8104927C1AA2E00D0009EF39 /* settings.png */; };
		810492891AA2E00D0009EF39 /* activity.png in Resources */ = {isa = PBXBuildFile; fileRef = 8104927E1AA2E00D0009EF39 /* activity.png */; };
		8104928A1AA2E00D0009EF39 /* profile.png in Resources */ = {isa = PBXBuildFile; fileRef = 8104927F1AA2E00D0009EF39 /* profile.png */; };
		8104928E1AA2E9140009EF39 /* FeedViewController.m in Sources */ = {isa = PBXBuildFile; fileRef = 8104928C1AA2E9140009EF39 /* FeedViewController.m */; };
		8104928F1AA2E9140009EF39 /* FeedViewController.xib in Resources */ = {isa = PBXBuildFile; fileRef = 8104928D1AA2E9140009EF39 /* FeedViewController.xib */; };
		810492921AA2EBBB0009EF39 /* main_background_blur.jpg in Resources */ = {isa = PBXBuildFile; fileRef = 810492901AA2EBBB0009EF39 /* main_background_blur.jpg */; };
		810492931AA2EBBB0009EF39 /* main_background.jpg in Resources */ = {isa = PBXBuildFile; fileRef = 810492911AA2EBBB0009EF39 /* main_background.jpg */; };
		810492981AA2EC0A0009EF39 /* ProfileViewController.m in Sources */ = {isa = PBXBuildFile; fileRef = 810492961AA2EC0A0009EF39 /* ProfileViewController.m */; };
		810492991AA2EC0A0009EF39 /* ProfileViewController.xib in Resources */ = {isa = PBXBuildFile; fileRef = 810492971AA2EC0A0009EF39 /* ProfileViewController.xib */; };
		8104929D1AA2EC240009EF39 /* CharityViewController.m in Sources */ = {isa = PBXBuildFile; fileRef = 8104929B1AA2EC240009EF39 /* CharityViewController.m */; };
		8104929E1AA2EC240009EF39 /* CharityViewController.xib in Resources */ = {isa = PBXBuildFile; fileRef = 8104929C1AA2EC240009EF39 /* CharityViewController.xib */; };
		810492A21AA2EC360009EF39 /* ActivityViewController.m in Sources */ = {isa = PBXBuildFile; fileRef = 810492A01AA2EC360009EF39 /* ActivityViewController.m */; };
		810492A31AA2EC360009EF39 /* ActivityViewController.xib in Resources */ = {isa = PBXBuildFile; fileRef = 810492A11AA2EC360009EF39 /* ActivityViewController.xib */; };
		810492A71AA2EC4E0009EF39 /* SettingsViewController.m in Sources */ = {isa = PBXBuildFile; fileRef = 810492A51AA2EC4E0009EF39 /* SettingsViewController.m */; };
		810492A81AA2EC4E0009EF39 /* SettingsViewController.xib in Resources */ = {isa = PBXBuildFile; fileRef = 810492A61AA2EC4E0009EF39 /* SettingsViewController.xib */; };
		810492AC1AA2EC770009EF39 /* AboutViewController.m in Sources */ = {isa = PBXBuildFile; fileRef = 810492AA1AA2EC770009EF39 /* AboutViewController.m */; };
		810492AD1AA2EC770009EF39 /* AboutViewController.xib in Resources */ = {isa = PBXBuildFile; fileRef = 810492AB1AA2EC770009EF39 /* AboutViewController.xib */; };
		810492BB1AA30D8C0009EF39 /* logout_white.png in Resources */ = {isa = PBXBuildFile; fileRef = 810492B11AA30D8C0009EF39 /* logout_white.png */; };
		810492BC1AA30D8C0009EF39 /* about_white.png in Resources */ = {isa = PBXBuildFile; fileRef = 810492B21AA30D8C0009EF39 /* about_white.png */; };
		810492BD1AA30D8C0009EF39 /* charity_white.png in Resources */ = {isa = PBXBuildFile; fileRef = 810492B31AA30D8C0009EF39 /* charity_white.png */; };
		810492C01AA30D8C0009EF39 /* feed_white.png in Resources */ = {isa = PBXBuildFile; fileRef = 810492B61AA30D8C0009EF39 /* feed_white.png */; };
		810492C11AA30D8C0009EF39 /* settings_white.png in Resources */ = {isa = PBXBuildFile; fileRef = 810492B71AA30D8C0009EF39 /* settings_white.png */; };
		810492C31AA30D8C0009EF39 /* activity_white.png in Resources */ = {isa = PBXBuildFile; fileRef = 810492B91AA30D8C0009EF39 /* activity_white.png */; };
		810492C41AA30D8C0009EF39 /* profile_white.png in Resources */ = {isa = PBXBuildFile; fileRef = 810492BA1AA30D8C0009EF39 /* profile_white.png */; };
		810492CA1AA32D940009EF39 /* IGRequest.m in Sources */ = {isa = PBXBuildFile; fileRef = 810492C71AA32D940009EF39 /* IGRequest.m */; };
		810492CB1AA32D940009EF39 /* Instagram.m in Sources */ = {isa = PBXBuildFile; fileRef = 810492C91AA32D940009EF39 /* Instagram.m */; };
		810492CF1AA33B5A0009EF39 /* InstaAuthViewController.m in Sources */ = {isa = PBXBuildFile; fileRef = 810492CE1AA33B5A0009EF39 /* InstaAuthViewController.m */; };
		810493111AA375D60009EF39 /* Contents.json in Resources */ = {isa = PBXBuildFile; fileRef = 810492FD1AA375D60009EF39 /* Contents.json */; };
		810493121AA375D60009EF39 /* Icon-40.png in Resources */ = {isa = PBXBuildFile; fileRef = 810492FE1AA375D60009EF39 /* Icon-40.png */; };
		810493131AA375D60009EF39 /* Icon-40@2x.png in Resources */ = {isa = PBXBuildFile; fileRef = 810492FF1AA375D60009EF39 /* Icon-40@2x.png */; };
		810493141AA375D60009EF39 /* Icon-40@3x.png in Resources */ = {isa = PBXBuildFile; fileRef = 810493001AA375D60009EF39 /* Icon-40@3x.png */; };
		810493151AA375D60009EF39 /* Icon-60@2x.png in Resources */ = {isa = PBXBuildFile; fileRef = 810493011AA375D60009EF39 /* Icon-60@2x.png */; };
		810493161AA375D60009EF39 /* Icon-60@3x.png in Resources */ = {isa = PBXBuildFile; fileRef = 810493021AA375D60009EF39 /* Icon-60@3x.png */; };
		810493171AA375D60009EF39 /* Icon-76.png in Resources */ = {isa = PBXBuildFile; fileRef = 810493031AA375D60009EF39 /* Icon-76.png */; };
		810493181AA375D60009EF39 /* Icon-76@2x.png in Resources */ = {isa = PBXBuildFile; fileRef = 810493041AA375D60009EF39 /* Icon-76@2x.png */; };
		810493191AA375D60009EF39 /* Icon-Small.png in Resources */ = {isa = PBXBuildFile; fileRef = 810493051AA375D60009EF39 /* Icon-Small.png */; };
		8104931A1AA375D60009EF39 /* Icon-Small@2x.png in Resources */ = {isa = PBXBuildFile; fileRef = 810493061AA375D60009EF39 /* Icon-Small@2x.png */; };
		8104931B1AA375D60009EF39 /* Icon-Small@3x.png in Resources */ = {isa = PBXBuildFile; fileRef = 810493071AA375D60009EF39 /* Icon-Small@3x.png */; };
		8104931C1AA375D60009EF39 /* Icon-60.png in Resources */ = {isa = PBXBuildFile; fileRef = 810493081AA375D60009EF39 /* Icon-60.png */; };
		8104931D1AA375D60009EF39 /* Icon-72.png in Resources */ = {isa = PBXBuildFile; fileRef = 810493091AA375D60009EF39 /* Icon-72.png */; };
		8104931E1AA375D60009EF39 /* Icon-72@2x.png in Resources */ = {isa = PBXBuildFile; fileRef = 8104930A1AA375D60009EF39 /* Icon-72@2x.png */; };
		8104931F1AA375D60009EF39 /* Icon-Small-50.png in Resources */ = {isa = PBXBuildFile; fileRef = 8104930B1AA375D60009EF39 /* Icon-Small-50.png */; };
		810493201AA375D60009EF39 /* Icon-Small-50@2x.png in Resources */ = {isa = PBXBuildFile; fileRef = 8104930C1AA375D60009EF39 /* Icon-Small-50@2x.png */; };
		810493211AA375D60009EF39 /* Icon.png in Resources */ = {isa = PBXBuildFile; fileRef = 8104930D1AA375D60009EF39 /* Icon.png */; };
		810493221AA375D60009EF39 /* Icon@2x.png in Resources */ = {isa = PBXBuildFile; fileRef = 8104930E1AA375D60009EF39 /* Icon@2x.png */; };
		810493231AA375D60009EF39 /* iTunesArtwork in Resources */ = {isa = PBXBuildFile; fileRef = 8104930F1AA375D60009EF39 /* iTunesArtwork */; };
		810493241AA375D60009EF39 /* iTunesArtwork@2x in Resources */ = {isa = PBXBuildFile; fileRef = 810493101AA375D60009EF39 /* iTunesArtwork@2x */; };
		810493261AA3838F0009EF39 /* wwp.png in Resources */ = {isa = PBXBuildFile; fileRef = 810493251AA3838F0009EF39 /* wwp.png */; };
		810DC3F71AA2AB77006230FC /* LoginViewController.m in Sources */ = {isa = PBXBuildFile; fileRef = 810DC3F61AA2AB77006230FC /* LoginViewController.m */; };
		810DC3FA1AA2AB8E006230FC /* SignUpViewController.m in Sources */ = {isa = PBXBuildFile; fileRef = 810DC3F91AA2AB8E006230FC /* SignUpViewController.m */; };
		810DC3FD1AA2AB9B006230FC /* MainViewController.m in Sources */ = {isa = PBXBuildFile; fileRef = 810DC3FC1AA2AB9B006230FC /* MainViewController.m */; };
		810DC4001AA2AC49006230FC /* RNFrostedSidebar.m in Sources */ = {isa = PBXBuildFile; fileRef = 810DC3FF1AA2AC49006230FC /* RNFrostedSidebar.m */; };
		810DC4021AA2AC71006230FC /* Accelerate.framework in Frameworks */ = {isa = PBXBuildFile; fileRef = 810DC4011AA2AC71006230FC /* Accelerate.framework */; };
		810DC4041AA2AC75006230FC /* QuartzCore.framework in Frameworks */ = {isa = PBXBuildFile; fileRef = 810DC4031AA2AC75006230FC /* QuartzCore.framework */; };
		810DC4061AA2AC79006230FC /* Foundation.framework in Frameworks */ = {isa = PBXBuildFile; fileRef = 810DC4051AA2AC79006230FC /* Foundation.framework */; };
		810DC4081AA2AC7E006230FC /* UIKit.framework in Frameworks */ = {isa = PBXBuildFile; fileRef = 810DC4071AA2AC7E006230FC /* UIKit.framework */; };
		810DC40A1AA2AC89006230FC /* CoreGraphics.framework in Frameworks */ = {isa = PBXBuildFile; fileRef = 810DC4091AA2AC89006230FC /* CoreGraphics.framework */; };
/* End PBXBuildFile section */

/* Begin PBXContainerItemProxy section */
		1BC2DF8D1AA2A6F1003CC510 /* PBXContainerItemProxy */ = {
			isa = PBXContainerItemProxy;
			containerPortal = 1BC2DF6B1AA2A6F1003CC510 /* Project object */;
			proxyType = 1;
			remoteGlobalIDString = 1BC2DF721AA2A6F1003CC510;
			remoteInfo = Selfless;
		};
/* End PBXContainerItemProxy section */

/* Begin PBXFileReference section */
		1BC2DF731AA2A6F1003CC510 /* Selfless.app */ = {isa = PBXFileReference; explicitFileType = wrapper.application; includeInIndex = 0; path = Selfless.app; sourceTree = BUILT_PRODUCTS_DIR; };
		1BC2DF771AA2A6F1003CC510 /* Info.plist */ = {isa = PBXFileReference; lastKnownFileType = text.plist.xml; path = Info.plist; sourceTree = "<group>"; };
		1BC2DF781AA2A6F1003CC510 /* main.m */ = {isa = PBXFileReference; lastKnownFileType = sourcecode.c.objc; path = main.m; sourceTree = "<group>"; };
		1BC2DF7A1AA2A6F1003CC510 /* AppDelegate.h */ = {isa = PBXFileReference; lastKnownFileType = sourcecode.c.h; path = AppDelegate.h; sourceTree = "<group>"; };
		1BC2DF7B1AA2A6F1003CC510 /* AppDelegate.m */ = {isa = PBXFileReference; lastKnownFileType = sourcecode.c.objc; path = AppDelegate.m; sourceTree = "<group>"; };
		1BC2DF811AA2A6F1003CC510 /* Base */ = {isa = PBXFileReference; lastKnownFileType = file.storyboard; name = Base; path = Base.lproj/Main.storyboard; sourceTree = "<group>"; };
		1BC2DF831AA2A6F1003CC510 /* Images.xcassets */ = {isa = PBXFileReference; lastKnownFileType = folder.assetcatalog; path = Images.xcassets; sourceTree = "<group>"; };
		1BC2DF861AA2A6F1003CC510 /* Base */ = {isa = PBXFileReference; lastKnownFileType = file.xib; name = Base; path = Base.lproj/LaunchScreen.xib; sourceTree = "<group>"; };
		1BC2DF8C1AA2A6F1003CC510 /* SelflessTests.xctest */ = {isa = PBXFileReference; explicitFileType = wrapper.cfbundle; includeInIndex = 0; path = SelflessTests.xctest; sourceTree = BUILT_PRODUCTS_DIR; };
		1BC2DF911AA2A6F1003CC510 /* Info.plist */ = {isa = PBXFileReference; lastKnownFileType = text.plist.xml; path = Info.plist; sourceTree = "<group>"; };
		1BC2DF921AA2A6F1003CC510 /* SelflessTests.m */ = {isa = PBXFileReference; lastKnownFileType = sourcecode.c.objc; path = SelflessTests.m; sourceTree = "<group>"; };
		32858206D0C03404289BE272 /* libPods-Selfless.a */ = {isa = PBXFileReference; explicitFileType = archive.ar; includeInIndex = 0; path = "libPods-Selfless.a"; sourceTree = BUILT_PRODUCTS_DIR; };
		58CA1EED3ED4659091DC2B55 /* Pods-Selfless.release.xcconfig */ = {isa = PBXFileReference; includeInIndex = 1; lastKnownFileType = text.xcconfig; name = "Pods-Selfless.release.xcconfig"; path = "Pods/Target Support Files/Pods-Selfless/Pods-Selfless.release.xcconfig"; sourceTree = "<group>"; };
		6D52202ECBCB5632398508CB /* Pods-Selfless.debug.xcconfig */ = {isa = PBXFileReference; includeInIndex = 1; lastKnownFileType = text.xcconfig; name = "Pods-Selfless.debug.xcconfig"; path = "Pods/Target Support Files/Pods-Selfless/Pods-Selfless.debug.xcconfig"; sourceTree = "<group>"; };
		810492761AA2E00D0009EF39 /* logout.png */ = {isa = PBXFileReference; lastKnownFileType = image.png; path = logout.png; sourceTree = "<group>"; };
		810492771AA2E00D0009EF39 /* about.png */ = {isa = PBXFileReference; lastKnownFileType = image.png; path = about.png; sourceTree = "<group>"; };
		810492781AA2E00D0009EF39 /* charity.png */ = {isa = PBXFileReference; lastKnownFileType = image.png; path = charity.png; sourceTree = "<group>"; };
		8104927B1AA2E00D0009EF39 /* feed.png */ = {isa = PBXFileReference; lastKnownFileType = image.png; path = feed.png; sourceTree = "<group>"; };
		8104927C1AA2E00D0009EF39 /* settings.png */ = {isa = PBXFileReference; lastKnownFileType = image.png; path = settings.png; sourceTree = "<group>"; };
		8104927E1AA2E00D0009EF39 /* activity.png */ = {isa = PBXFileReference; lastKnownFileType = image.png; path = activity.png; sourceTree = "<group>"; };
		8104927F1AA2E00D0009EF39 /* profile.png */ = {isa = PBXFileReference; lastKnownFileType = image.png; path = profile.png; sourceTree = "<group>"; };
		8104928B1AA2E9140009EF39 /* FeedViewController.h */ = {isa = PBXFileReference; fileEncoding = 4; lastKnownFileType = sourcecode.c.h; path = FeedViewController.h; sourceTree = "<group>"; };
		8104928C1AA2E9140009EF39 /* FeedViewController.m */ = {isa = PBXFileReference; fileEncoding = 4; lastKnownFileType = sourcecode.c.objc; path = FeedViewController.m; sourceTree = "<group>"; };
		8104928D1AA2E9140009EF39 /* FeedViewController.xib */ = {isa = PBXFileReference; fileEncoding = 4; lastKnownFileType = file.xib; path = FeedViewController.xib; sourceTree = "<group>"; };
		810492901AA2EBBB0009EF39 /* main_background_blur.jpg */ = {isa = PBXFileReference; lastKnownFileType = image.jpeg; path = main_background_blur.jpg; sourceTree = "<group>"; };
		810492911AA2EBBB0009EF39 /* main_background.jpg */ = {isa = PBXFileReference; lastKnownFileType = image.jpeg; path = main_background.jpg; sourceTree = "<group>"; };
		810492951AA2EC0A0009EF39 /* ProfileViewController.h */ = {isa = PBXFileReference; fileEncoding = 4; lastKnownFileType = sourcecode.c.h; path = ProfileViewController.h; sourceTree = "<group>"; };
		810492961AA2EC0A0009EF39 /* ProfileViewController.m */ = {isa = PBXFileReference; fileEncoding = 4; lastKnownFileType = sourcecode.c.objc; path = ProfileViewController.m; sourceTree = "<group>"; };
		810492971AA2EC0A0009EF39 /* ProfileViewController.xib */ = {isa = PBXFileReference; fileEncoding = 4; lastKnownFileType = file.xib; path = ProfileViewController.xib; sourceTree = "<group>"; };
		8104929A1AA2EC240009EF39 /* CharityViewController.h */ = {isa = PBXFileReference; fileEncoding = 4; lastKnownFileType = sourcecode.c.h; path = CharityViewController.h; sourceTree = "<group>"; };
		8104929B1AA2EC240009EF39 /* CharityViewController.m */ = {isa = PBXFileReference; fileEncoding = 4; lastKnownFileType = sourcecode.c.objc; path = CharityViewController.m; sourceTree = "<group>"; };
		8104929C1AA2EC240009EF39 /* CharityViewController.xib */ = {isa = PBXFileReference; fileEncoding = 4; lastKnownFileType = file.xib; path = CharityViewController.xib; sourceTree = "<group>"; };
		8104929F1AA2EC360009EF39 /* ActivityViewController.h */ = {isa = PBXFileReference; fileEncoding = 4; lastKnownFileType = sourcecode.c.h; path = ActivityViewController.h; sourceTree = "<group>"; };
		810492A01AA2EC360009EF39 /* ActivityViewController.m */ = {isa = PBXFileReference; fileEncoding = 4; lastKnownFileType = sourcecode.c.objc; path = ActivityViewController.m; sourceTree = "<group>"; };
		810492A11AA2EC360009EF39 /* ActivityViewController.xib */ = {isa = PBXFileReference; fileEncoding = 4; lastKnownFileType = file.xib; path = ActivityViewController.xib; sourceTree = "<group>"; };
		810492A41AA2EC4E0009EF39 /* SettingsViewController.h */ = {isa = PBXFileReference; fileEncoding = 4; lastKnownFileType = sourcecode.c.h; path = SettingsViewController.h; sourceTree = "<group>"; };
		810492A51AA2EC4E0009EF39 /* SettingsViewController.m */ = {isa = PBXFileReference; fileEncoding = 4; lastKnownFileType = sourcecode.c.objc; path = SettingsViewController.m; sourceTree = "<group>"; };
		810492A61AA2EC4E0009EF39 /* SettingsViewController.xib */ = {isa = PBXFileReference; fileEncoding = 4; lastKnownFileType = file.xib; path = SettingsViewController.xib; sourceTree = "<group>"; };
		810492A91AA2EC770009EF39 /* AboutViewController.h */ = {isa = PBXFileReference; fileEncoding = 4; lastKnownFileType = sourcecode.c.h; path = AboutViewController.h; sourceTree = "<group>"; };
		810492AA1AA2EC770009EF39 /* AboutViewController.m */ = {isa = PBXFileReference; fileEncoding = 4; lastKnownFileType = sourcecode.c.objc; path = AboutViewController.m; sourceTree = "<group>"; };
		810492AB1AA2EC770009EF39 /* AboutViewController.xib */ = {isa = PBXFileReference; fileEncoding = 4; lastKnownFileType = file.xib; path = AboutViewController.xib; sourceTree = "<group>"; };
		810492B11AA30D8C0009EF39 /* logout_white.png */ = {isa = PBXFileReference; lastKnownFileType = image.png; path = logout_white.png; sourceTree = "<group>"; };
		810492B21AA30D8C0009EF39 /* about_white.png */ = {isa = PBXFileReference; lastKnownFileType = image.png; path = about_white.png; sourceTree = "<group>"; };
		810492B31AA30D8C0009EF39 /* charity_white.png */ = {isa = PBXFileReference; lastKnownFileType = image.png; path = charity_white.png; sourceTree = "<group>"; };
		810492B61AA30D8C0009EF39 /* feed_white.png */ = {isa = PBXFileReference; lastKnownFileType = image.png; path = feed_white.png; sourceTree = "<group>"; };
		810492B71AA30D8C0009EF39 /* settings_white.png */ = {isa = PBXFileReference; lastKnownFileType = image.png; path = settings_white.png; sourceTree = "<group>"; };
		810492B91AA30D8C0009EF39 /* activity_white.png */ = {isa = PBXFileReference; lastKnownFileType = image.png; path = activity_white.png; sourceTree = "<group>"; };
		810492BA1AA30D8C0009EF39 /* profile_white.png */ = {isa = PBXFileReference; lastKnownFileType = image.png; path = profile_white.png; sourceTree = "<group>"; };
		810492C51AA32D940009EF39 /* IGConnect.h */ = {isa = PBXFileReference; fileEncoding = 4; lastKnownFileType = sourcecode.c.h; name = IGConnect.h; path = Selfless/IGConnect.h; sourceTree = "<group>"; };
		810492C61AA32D940009EF39 /* IGRequest.h */ = {isa = PBXFileReference; fileEncoding = 4; lastKnownFileType = sourcecode.c.h; name = IGRequest.h; path = Selfless/IGRequest.h; sourceTree = "<group>"; };
		810492C71AA32D940009EF39 /* IGRequest.m */ = {isa = PBXFileReference; fileEncoding = 4; lastKnownFileType = sourcecode.c.objc; name = IGRequest.m; path = Selfless/IGRequest.m; sourceTree = "<group>"; };
		810492C81AA32D940009EF39 /* Instagram.h */ = {isa = PBXFileReference; fileEncoding = 4; lastKnownFileType = sourcecode.c.h; name = Instagram.h; path = Selfless/Instagram.h; sourceTree = "<group>"; };
		810492C91AA32D940009EF39 /* Instagram.m */ = {isa = PBXFileReference; fileEncoding = 4; lastKnownFileType = sourcecode.c.objc; name = Instagram.m; path = Selfless/Instagram.m; sourceTree = "<group>"; };
		810492CD1AA33B5A0009EF39 /* InstaAuthViewController.h */ = {isa = PBXFileReference; fileEncoding = 4; lastKnownFileType = sourcecode.c.h; path = InstaAuthViewController.h; sourceTree = "<group>"; };
		810492CE1AA33B5A0009EF39 /* InstaAuthViewController.m */ = {isa = PBXFileReference; fileEncoding = 4; lastKnownFileType = sourcecode.c.objc; path = InstaAuthViewController.m; sourceTree = "<group>"; };
		810492FD1AA375D60009EF39 /* Contents.json */ = {isa = PBXFileReference; fileEncoding = 4; lastKnownFileType = text.json; path = Contents.json; sourceTree = "<group>"; };
		810492FE1AA375D60009EF39 /* Icon-40.png */ = {isa = PBXFileReference; lastKnownFileType = image.png; path = "Icon-40.png"; sourceTree = "<group>"; };
		810492FF1AA375D60009EF39 /* Icon-40@2x.png */ = {isa = PBXFileReference; lastKnownFileType = image.png; path = "Icon-40@2x.png"; sourceTree = "<group>"; };
		810493001AA375D60009EF39 /* Icon-40@3x.png */ = {isa = PBXFileReference; lastKnownFileType = image.png; path = "Icon-40@3x.png"; sourceTree = "<group>"; };
		810493011AA375D60009EF39 /* Icon-60@2x.png */ = {isa = PBXFileReference; lastKnownFileType = image.png; path = "Icon-60@2x.png"; sourceTree = "<group>"; };
		810493021AA375D60009EF39 /* Icon-60@3x.png */ = {isa = PBXFileReference; lastKnownFileType = image.png; path = "Icon-60@3x.png"; sourceTree = "<group>"; };
		810493031AA375D60009EF39 /* Icon-76.png */ = {isa = PBXFileReference; lastKnownFileType = image.png; path = "Icon-76.png"; sourceTree = "<group>"; };
		810493041AA375D60009EF39 /* Icon-76@2x.png */ = {isa = PBXFileReference; lastKnownFileType = image.png; path = "Icon-76@2x.png"; sourceTree = "<group>"; };
		810493051AA375D60009EF39 /* Icon-Small.png */ = {isa = PBXFileReference; lastKnownFileType = image.png; path = "Icon-Small.png"; sourceTree = "<group>"; };
		810493061AA375D60009EF39 /* Icon-Small@2x.png */ = {isa = PBXFileReference; lastKnownFileType = image.png; path = "Icon-Small@2x.png"; sourceTree = "<group>"; };
		810493071AA375D60009EF39 /* Icon-Small@3x.png */ = {isa = PBXFileReference; lastKnownFileType = image.png; path = "Icon-Small@3x.png"; sourceTree = "<group>"; };
		810493081AA375D60009EF39 /* Icon-60.png */ = {isa = PBXFileReference; lastKnownFileType = image.png; path = "Icon-60.png"; sourceTree = "<group>"; };
		810493091AA375D60009EF39 /* Icon-72.png */ = {isa = PBXFileReference; lastKnownFileType = image.png; path = "Icon-72.png"; sourceTree = "<group>"; };
		8104930A1AA375D60009EF39 /* Icon-72@2x.png */ = {isa = PBXFileReference; lastKnownFileType = image.png; path = "Icon-72@2x.png"; sourceTree = "<group>"; };
		8104930B1AA375D60009EF39 /* Icon-Small-50.png */ = {isa = PBXFileReference; lastKnownFileType = image.png; path = "Icon-Small-50.png"; sourceTree = "<group>"; };
		8104930C1AA375D60009EF39 /* Icon-Small-50@2x.png */ = {isa = PBXFileReference; lastKnownFileType = image.png; path = "Icon-Small-50@2x.png"; sourceTree = "<group>"; };
		8104930D1AA375D60009EF39 /* Icon.png */ = {isa = PBXFileReference; lastKnownFileType = image.png; path = Icon.png; sourceTree = "<group>"; };
		8104930E1AA375D60009EF39 /* Icon@2x.png */ = {isa = PBXFileReference; lastKnownFileType = image.png; path = "Icon@2x.png"; sourceTree = "<group>"; };
		8104930F1AA375D60009EF39 /* iTunesArtwork */ = {isa = PBXFileReference; lastKnownFileType = file; path = iTunesArtwork; sourceTree = "<group>"; };
		810493101AA375D60009EF39 /* iTunesArtwork@2x */ = {isa = PBXFileReference; lastKnownFileType = file; path = "iTunesArtwork@2x"; sourceTree = "<group>"; };
		810493251AA3838F0009EF39 /* wwp.png */ = {isa = PBXFileReference; lastKnownFileType = image.png; path = wwp.png; sourceTree = "<group>"; };
		810DC3F51AA2AB77006230FC /* LoginViewController.h */ = {isa = PBXFileReference; fileEncoding = 4; lastKnownFileType = sourcecode.c.h; path = LoginViewController.h; sourceTree = "<group>"; };
		810DC3F61AA2AB77006230FC /* LoginViewController.m */ = {isa = PBXFileReference; fileEncoding = 4; lastKnownFileType = sourcecode.c.objc; path = LoginViewController.m; sourceTree = "<group>"; };
		810DC3F81AA2AB8E006230FC /* SignUpViewController.h */ = {isa = PBXFileReference; fileEncoding = 4; lastKnownFileType = sourcecode.c.h; path = SignUpViewController.h; sourceTree = "<group>"; };
		810DC3F91AA2AB8E006230FC /* SignUpViewController.m */ = {isa = PBXFileReference; fileEncoding = 4; lastKnownFileType = sourcecode.c.objc; path = SignUpViewController.m; sourceTree = "<group>"; };
		810DC3FB1AA2AB9B006230FC /* MainViewController.h */ = {isa = PBXFileReference; fileEncoding = 4; lastKnownFileType = sourcecode.c.h; path = MainViewController.h; sourceTree = "<group>"; };
		810DC3FC1AA2AB9B006230FC /* MainViewController.m */ = {isa = PBXFileReference; fileEncoding = 4; lastKnownFileType = sourcecode.c.objc; path = MainViewController.m; sourceTree = "<group>"; };
		810DC3FE1AA2AC49006230FC /* RNFrostedSidebar.h */ = {isa = PBXFileReference; fileEncoding = 4; lastKnownFileType = sourcecode.c.h; path = RNFrostedSidebar.h; sourceTree = "<group>"; };
		810DC3FF1AA2AC49006230FC /* RNFrostedSidebar.m */ = {isa = PBXFileReference; fileEncoding = 4; lastKnownFileType = sourcecode.c.objc; path = RNFrostedSidebar.m; sourceTree = "<group>"; };
		810DC4011AA2AC71006230FC /* Accelerate.framework */ = {isa = PBXFileReference; lastKnownFileType = wrapper.framework; name = Accelerate.framework; path = System/Library/Frameworks/Accelerate.framework; sourceTree = SDKROOT; };
		810DC4031AA2AC75006230FC /* QuartzCore.framework */ = {isa = PBXFileReference; lastKnownFileType = wrapper.framework; name = QuartzCore.framework; path = System/Library/Frameworks/QuartzCore.framework; sourceTree = SDKROOT; };
		810DC4051AA2AC79006230FC /* Foundation.framework */ = {isa = PBXFileReference; lastKnownFileType = wrapper.framework; name = Foundation.framework; path = System/Library/Frameworks/Foundation.framework; sourceTree = SDKROOT; };
		810DC4071AA2AC7E006230FC /* UIKit.framework */ = {isa = PBXFileReference; lastKnownFileType = wrapper.framework; name = UIKit.framework; path = System/Library/Frameworks/UIKit.framework; sourceTree = SDKROOT; };
		810DC4091AA2AC89006230FC /* CoreGraphics.framework */ = {isa = PBXFileReference; lastKnownFileType = wrapper.framework; name = CoreGraphics.framework; path = System/Library/Frameworks/CoreGraphics.framework; sourceTree = SDKROOT; };
/* End PBXFileReference section */

/* Begin PBXFrameworksBuildPhase section */
		1BC2DF701AA2A6F1003CC510 /* Frameworks */ = {
			isa = PBXFrameworksBuildPhase;
			buildActionMask = 2147483647;
			files = (
				810DC40A1AA2AC89006230FC /* CoreGraphics.framework in Frameworks */,
				810DC4081AA2AC7E006230FC /* UIKit.framework in Frameworks */,
				810DC4061AA2AC79006230FC /* Foundation.framework in Frameworks */,
				810DC4041AA2AC75006230FC /* QuartzCore.framework in Frameworks */,
				810DC4021AA2AC71006230FC /* Accelerate.framework in Frameworks */,
				5EBB6B16567F97DDF038657E /* libPods-Selfless.a in Frameworks */,
			);
			runOnlyForDeploymentPostprocessing = 0;
		};
		1BC2DF891AA2A6F1003CC510 /* Frameworks */ = {
			isa = PBXFrameworksBuildPhase;
			buildActionMask = 2147483647;
			files = (
			);
			runOnlyForDeploymentPostprocessing = 0;
		};
/* End PBXFrameworksBuildPhase section */

/* Begin PBXGroup section */
		1BC2DF6A1AA2A6F1003CC510 = {
			isa = PBXGroup;
			children = (
				810492801AA2E00D0009EF39 /* images */,
				810DC40B1AA2ACBE006230FC /* Frameworks */,
				1BC2DF751AA2A6F1003CC510 /* Selfless */,
				1BC2DF8F1AA2A6F1003CC510 /* SelflessTests */,
				1BC2DF741AA2A6F1003CC510 /* Products */,
				B0D8BAEBF68080F75E092019 /* Pods */,
			);
			sourceTree = "<group>";
		};
		1BC2DF741AA2A6F1003CC510 /* Products */ = {
			isa = PBXGroup;
			children = (
				1BC2DF731AA2A6F1003CC510 /* Selfless.app */,
				1BC2DF8C1AA2A6F1003CC510 /* SelflessTests.xctest */,
			);
			name = Products;
			sourceTree = "<group>";
		};
		1BC2DF751AA2A6F1003CC510 /* Selfless */ = {
			isa = PBXGroup;
			children = (
				810492941AA2EBE20009EF39 /* Subviews */,
				1BC2DF7A1AA2A6F1003CC510 /* AppDelegate.h */,
				1BC2DF7B1AA2A6F1003CC510 /* AppDelegate.m */,
				810DC3F51AA2AB77006230FC /* LoginViewController.h */,
				810DC3F61AA2AB77006230FC /* LoginViewController.m */,
				810DC3F81AA2AB8E006230FC /* SignUpViewController.h */,
				810DC3F91AA2AB8E006230FC /* SignUpViewController.m */,
				810DC3FB1AA2AB9B006230FC /* MainViewController.h */,
				810DC3FC1AA2AB9B006230FC /* MainViewController.m */,
				810DC3FE1AA2AC49006230FC /* RNFrostedSidebar.h */,
				1BC2DF801AA2A6F1003CC510 /* Main.storyboard */,
				810DC3FF1AA2AC49006230FC /* RNFrostedSidebar.m */,
				810492CD1AA33B5A0009EF39 /* InstaAuthViewController.h */,
				810492CE1AA33B5A0009EF39 /* InstaAuthViewController.m */,
				1BC2DF831AA2A6F1003CC510 /* Images.xcassets */,
				1BC2DF851AA2A6F1003CC510 /* LaunchScreen.xib */,
				1BC2DF761AA2A6F1003CC510 /* Supporting Files */,
			);
			path = Selfless;
			sourceTree = "<group>";
		};
		1BC2DF761AA2A6F1003CC510 /* Supporting Files */ = {
			isa = PBXGroup;
			children = (
				1BC2DF771AA2A6F1003CC510 /* Info.plist */,
				1BC2DF781AA2A6F1003CC510 /* main.m */,
			);
			name = "Supporting Files";
			sourceTree = "<group>";
		};
		1BC2DF8F1AA2A6F1003CC510 /* SelflessTests */ = {
			isa = PBXGroup;
			children = (
				1BC2DF921AA2A6F1003CC510 /* SelflessTests.m */,
				1BC2DF901AA2A6F1003CC510 /* Supporting Files */,
			);
			path = SelflessTests;
			sourceTree = "<group>";
		};
		1BC2DF901AA2A6F1003CC510 /* Supporting Files */ = {
			isa = PBXGroup;
			children = (
				1BC2DF911AA2A6F1003CC510 /* Info.plist */,
			);
			name = "Supporting Files";
			sourceTree = "<group>";
		};
		810492801AA2E00D0009EF39 /* images */ = {
			isa = PBXGroup;
			children = (
				810492FB1AA375D60009EF39 /* icons */,
				810492901AA2EBBB0009EF39 /* main_background_blur.jpg */,
				810492911AA2EBBB0009EF39 /* main_background.jpg */,
				810492761AA2E00D0009EF39 /* logout.png */,
				810492771AA2E00D0009EF39 /* about.png */,
				810492781AA2E00D0009EF39 /* charity.png */,
				8104927B1AA2E00D0009EF39 /* feed.png */,
				8104927C1AA2E00D0009EF39 /* settings.png */,
				8104927E1AA2E00D0009EF39 /* activity.png */,
				810492B01AA30D8C0009EF39 /* png */,
				8104927F1AA2E00D0009EF39 /* profile.png */,
			);
			name = images;
			path = Selfless/images;
			sourceTree = "<group>";
		};
		810492941AA2EBE20009EF39 /* Subviews */ = {
			isa = PBXGroup;
			children = (
				8104928B1AA2E9140009EF39 /* FeedViewController.h */,
				8104928C1AA2E9140009EF39 /* FeedViewController.m */,
				8104928D1AA2E9140009EF39 /* FeedViewController.xib */,
				810492951AA2EC0A0009EF39 /* ProfileViewController.h */,
				810492961AA2EC0A0009EF39 /* ProfileViewController.m */,
				810492971AA2EC0A0009EF39 /* ProfileViewController.xib */,
				8104929A1AA2EC240009EF39 /* CharityViewController.h */,
				8104929B1AA2EC240009EF39 /* CharityViewController.m */,
				8104929C1AA2EC240009EF39 /* CharityViewController.xib */,
				810493251AA3838F0009EF39 /* wwp.png */,
				8104929F1AA2EC360009EF39 /* ActivityViewController.h */,
				810492A01AA2EC360009EF39 /* ActivityViewController.m */,
				810492A11AA2EC360009EF39 /* ActivityViewController.xib */,
				810492A41AA2EC4E0009EF39 /* SettingsViewController.h */,
				810492A51AA2EC4E0009EF39 /* SettingsViewController.m */,
				810492A61AA2EC4E0009EF39 /* SettingsViewController.xib */,
				810492A91AA2EC770009EF39 /* AboutViewController.h */,
				810492AA1AA2EC770009EF39 /* AboutViewController.m */,
				810492AB1AA2EC770009EF39 /* AboutViewController.xib */,
			);
			name = Subviews;
			sourceTree = "<group>";
		};
		810492B01AA30D8C0009EF39 /* png */ = {
			isa = PBXGroup;
			children = (
				810492B11AA30D8C0009EF39 /* logout_white.png */,
				810492B21AA30D8C0009EF39 /* about_white.png */,
				810492B31AA30D8C0009EF39 /* charity_white.png */,
				810492B61AA30D8C0009EF39 /* feed_white.png */,
				810492B71AA30D8C0009EF39 /* settings_white.png */,
				810492B91AA30D8C0009EF39 /* activity_white.png */,
				810492BA1AA30D8C0009EF39 /* profile_white.png */,
			);
			path = png;
			sourceTree = "<group>";
		};
		810492CC1AA32D9E0009EF39 /* Instagram */ = {
			isa = PBXGroup;
			children = (
				810492C51AA32D940009EF39 /* IGConnect.h */,
				810492C61AA32D940009EF39 /* IGRequest.h */,
				810492C71AA32D940009EF39 /* IGRequest.m */,
				810492C81AA32D940009EF39 /* Instagram.h */,
				810492C91AA32D940009EF39 /* Instagram.m */,
			);
			name = Instagram;
			sourceTree = "<group>";
		};
		810492FB1AA375D60009EF39 /* icons */ = {
			isa = PBXGroup;
			children = (
				810492FC1AA375D60009EF39 /* AppIcon.appiconset */,
				810493081AA375D60009EF39 /* Icon-60.png */,
				810493091AA375D60009EF39 /* Icon-72.png */,
				8104930A1AA375D60009EF39 /* Icon-72@2x.png */,
				8104930B1AA375D60009EF39 /* Icon-Small-50.png */,
				8104930C1AA375D60009EF39 /* Icon-Small-50@2x.png */,
				8104930D1AA375D60009EF39 /* Icon.png */,
				8104930E1AA375D60009EF39 /* Icon@2x.png */,
				8104930F1AA375D60009EF39 /* iTunesArtwork */,
				810493101AA375D60009EF39 /* iTunesArtwork@2x */,
			);
			path = icons;
			sourceTree = "<group>";
		};
		810492FC1AA375D60009EF39 /* AppIcon.appiconset */ = {
			isa = PBXGroup;
			children = (
				810492FD1AA375D60009EF39 /* Contents.json */,
				810492FE1AA375D60009EF39 /* Icon-40.png */,
				810492FF1AA375D60009EF39 /* Icon-40@2x.png */,
				810493001AA375D60009EF39 /* Icon-40@3x.png */,
				810493011AA375D60009EF39 /* Icon-60@2x.png */,
				810493021AA375D60009EF39 /* Icon-60@3x.png */,
				810493031AA375D60009EF39 /* Icon-76.png */,
				810493041AA375D60009EF39 /* Icon-76@2x.png */,
				810493051AA375D60009EF39 /* Icon-Small.png */,
				810493061AA375D60009EF39 /* Icon-Small@2x.png */,
				810493071AA375D60009EF39 /* Icon-Small@3x.png */,
			);
			path = AppIcon.appiconset;
			sourceTree = "<group>";
		};
		810DC40B1AA2ACBE006230FC /* Frameworks */ = {
			isa = PBXGroup;
			children = (
				810492CC1AA32D9E0009EF39 /* Instagram */,
				810DC4091AA2AC89006230FC /* CoreGraphics.framework */,
				810DC4071AA2AC7E006230FC /* UIKit.framework */,
				810DC4051AA2AC79006230FC /* Foundation.framework */,
				810DC4031AA2AC75006230FC /* QuartzCore.framework */,
				810DC4011AA2AC71006230FC /* Accelerate.framework */,
				32858206D0C03404289BE272 /* libPods-Selfless.a */,
			);
			name = Frameworks;
			sourceTree = "<group>";
		};
		B0D8BAEBF68080F75E092019 /* Pods */ = {
			isa = PBXGroup;
			children = (
				6D52202ECBCB5632398508CB /* Pods-Selfless.debug.xcconfig */,
				58CA1EED3ED4659091DC2B55 /* Pods-Selfless.release.xcconfig */,
			);
			name = Pods;
			sourceTree = "<group>";
		};
/* End PBXGroup section */

/* Begin PBXNativeTarget section */
		1BC2DF721AA2A6F1003CC510 /* Selfless */ = {
			isa = PBXNativeTarget;
			buildConfigurationList = 1BC2DF961AA2A6F1003CC510 /* Build configuration list for PBXNativeTarget "Selfless" */;
			buildPhases = (
				3EA27EFD33664155AD0BC617 /* Check Pods Manifest.lock */,
				1BC2DF6F1AA2A6F1003CC510 /* Sources */,
				1BC2DF701AA2A6F1003CC510 /* Frameworks */,
				1BC2DF711AA2A6F1003CC510 /* Resources */,
				327F67EB55FE6E28A9EFF2A1 /* Copy Pods Resources */,
			);
			buildRules = (
			);
			dependencies = (
			);
			name = Selfless;
			productName = Selfless;
			productReference = 1BC2DF731AA2A6F1003CC510 /* Selfless.app */;
			productType = "com.apple.product-type.application";
		};
		1BC2DF8B1AA2A6F1003CC510 /* SelflessTests */ = {
			isa = PBXNativeTarget;
			buildConfigurationList = 1BC2DF991AA2A6F1003CC510 /* Build configuration list for PBXNativeTarget "SelflessTests" */;
			buildPhases = (
				1BC2DF881AA2A6F1003CC510 /* Sources */,
				1BC2DF891AA2A6F1003CC510 /* Frameworks */,
				1BC2DF8A1AA2A6F1003CC510 /* Resources */,
			);
			buildRules = (
			);
			dependencies = (
				1BC2DF8E1AA2A6F1003CC510 /* PBXTargetDependency */,
			);
			name = SelflessTests;
			productName = SelflessTests;
			productReference = 1BC2DF8C1AA2A6F1003CC510 /* SelflessTests.xctest */;
			productType = "com.apple.product-type.bundle.unit-test";
		};
/* End PBXNativeTarget section */

/* Begin PBXProject section */
		1BC2DF6B1AA2A6F1003CC510 /* Project object */ = {
			isa = PBXProject;
			attributes = {
				LastUpgradeCheck = 0610;
				ORGANIZATIONNAME = selfles;
				TargetAttributes = {
					1BC2DF721AA2A6F1003CC510 = {
						CreatedOnToolsVersion = 6.1.1;
						DevelopmentTeam = L2JS3CUT43;
					};
					1BC2DF8B1AA2A6F1003CC510 = {
						CreatedOnToolsVersion = 6.1.1;
						DevelopmentTeam = L2JS3CUT43;
						TestTargetID = 1BC2DF721AA2A6F1003CC510;
					};
				};
			};
			buildConfigurationList = 1BC2DF6E1AA2A6F1003CC510 /* Build configuration list for PBXProject "Selfless" */;
			compatibilityVersion = "Xcode 3.2";
			developmentRegion = English;
			hasScannedForEncodings = 0;
			knownRegions = (
				en,
				Base,
			);
			mainGroup = 1BC2DF6A1AA2A6F1003CC510;
			productRefGroup = 1BC2DF741AA2A6F1003CC510 /* Products */;
			projectDirPath = "";
			projectRoot = "";
			targets = (
				1BC2DF721AA2A6F1003CC510 /* Selfless */,
				1BC2DF8B1AA2A6F1003CC510 /* SelflessTests */,
			);
		};
/* End PBXProject section */

/* Begin PBXResourcesBuildPhase section */
		1BC2DF711AA2A6F1003CC510 /* Resources */ = {
			isa = PBXResourcesBuildPhase;
			buildActionMask = 2147483647;
			files = (
				810492991AA2EC0A0009EF39 /* ProfileViewController.xib in Resources */,
				8104928A1AA2E00D0009EF39 /* profile.png in Resources */,
				1BC2DF821AA2A6F1003CC510 /* Main.storyboard in Resources */,
				810493221AA375D60009EF39 /* Icon@2x.png in Resources */,
				810492931AA2EBBB0009EF39 /* main_background.jpg in Resources */,
				810493141AA375D60009EF39 /* Icon-40@3x.png in Resources */,
				810492871AA2E00D0009EF39 /* settings.png in Resources */,
				810492891AA2E00D0009EF39 /* activity.png in Resources */,
				810492821AA2E00D0009EF39 /* about.png in Resources */,
				810493201AA375D60009EF39 /* Icon-Small-50@2x.png in Resources */,
				810493241AA375D60009EF39 /* iTunesArtwork@2x in Resources */,
				8104931C1AA375D60009EF39 /* Icon-60.png in Resources */,
				810493181AA375D60009EF39 /* Icon-76@2x.png in Resources */,
				810492A31AA2EC360009EF39 /* ActivityViewController.xib in Resources */,
				810492A81AA2EC4E0009EF39 /* SettingsViewController.xib in Resources */,
				8104931E1AA375D60009EF39 /* Icon-72@2x.png in Resources */,
				810493111AA375D60009EF39 /* Contents.json in Resources */,
				810492BB1AA30D8C0009EF39 /* logout_white.png in Resources */,
				810493191AA375D60009EF39 /* Icon-Small.png in Resources */,
				1BC2DF871AA2A6F1003CC510 /* LaunchScreen.xib in Resources */,
				810493121AA375D60009EF39 /* Icon-40.png in Resources */,
				810492C41AA30D8C0009EF39 /* profile_white.png in Resources */,
				810493171AA375D60009EF39 /* Icon-76.png in Resources */,
				810492BC1AA30D8C0009EF39 /* about_white.png in Resources */,
				8104931A1AA375D60009EF39 /* Icon-Small@2x.png in Resources */,
				810492BD1AA30D8C0009EF39 /* charity_white.png in Resources */,
				8104928F1AA2E9140009EF39 /* FeedViewController.xib in Resources */,
				810493211AA375D60009EF39 /* Icon.png in Resources */,
				8104929E1AA2EC240009EF39 /* CharityViewController.xib in Resources */,
				810492C31AA30D8C0009EF39 /* activity_white.png in Resources */,
				8104931B1AA375D60009EF39 /* Icon-Small@3x.png in Resources */,
				810492921AA2EBBB0009EF39 /* main_background_blur.jpg in Resources */,
				810492C01AA30D8C0009EF39 /* feed_white.png in Resources */,
				810493231AA375D60009EF39 /* iTunesArtwork in Resources */,
				810492861AA2E00D0009EF39 /* feed.png in Resources */,
				810493151AA375D60009EF39 /* Icon-60@2x.png in Resources */,
				1BC2DF841AA2A6F1003CC510 /* Images.xcassets in Resources */,
				8104931F1AA375D60009EF39 /* Icon-Small-50.png in Resources */,
				810493261AA3838F0009EF39 /* wwp.png in Resources */,
				810492811AA2E00D0009EF39 /* logout.png in Resources */,
				810493131AA375D60009EF39 /* Icon-40@2x.png in Resources */,
				8104931D1AA375D60009EF39 /* Icon-72.png in Resources */,
				810492AD1AA2EC770009EF39 /* AboutViewController.xib in Resources */,
				810492831AA2E00D0009EF39 /* charity.png in Resources */,
				810493161AA375D60009EF39 /* Icon-60@3x.png in Resources */,
				810492C11AA30D8C0009EF39 /* settings_white.png in Resources */,
			);
			runOnlyForDeploymentPostprocessing = 0;
		};
		1BC2DF8A1AA2A6F1003CC510 /* Resources */ = {
			isa = PBXResourcesBuildPhase;
			buildActionMask = 2147483647;
			files = (
			);
			runOnlyForDeploymentPostprocessing = 0;
		};
/* End PBXResourcesBuildPhase section */

/* Begin PBXShellScriptBuildPhase section */
		327F67EB55FE6E28A9EFF2A1 /* Copy Pods Resources */ = {
			isa = PBXShellScriptBuildPhase;
			buildActionMask = 2147483647;
			files = (
			);
			inputPaths = (
			);
			name = "Copy Pods Resources";
			outputPaths = (
			);
			runOnlyForDeploymentPostprocessing = 0;
			shellPath = /bin/sh;
			shellScript = "\"${SRCROOT}/Pods/Target Support Files/Pods-Selfless/Pods-Selfless-resources.sh\"\n";
			showEnvVarsInLog = 0;
		};
		3EA27EFD33664155AD0BC617 /* Check Pods Manifest.lock */ = {
			isa = PBXShellScriptBuildPhase;
			buildActionMask = 2147483647;
			files = (
			);
			inputPaths = (
			);
			name = "Check Pods Manifest.lock";
			outputPaths = (
			);
			runOnlyForDeploymentPostprocessing = 0;
			shellPath = /bin/sh;
			shellScript = "diff \"${PODS_ROOT}/../Podfile.lock\" \"${PODS_ROOT}/Manifest.lock\" > /dev/null\nif [[ $? != 0 ]] ; then\n    cat << EOM\nerror: The sandbox is not in sync with the Podfile.lock. Run 'pod install' or update your CocoaPods installation.\nEOM\n    exit 1\nfi\n";
			showEnvVarsInLog = 0;
		};
/* End PBXShellScriptBuildPhase section */

/* Begin PBXSourcesBuildPhase section */
		1BC2DF6F1AA2A6F1003CC510 /* Sources */ = {
			isa = PBXSourcesBuildPhase;
			buildActionMask = 2147483647;
			files = (
				8104929D1AA2EC240009EF39 /* CharityViewController.m in Sources */,
				1BC2DF7C1AA2A6F1003CC510 /* AppDelegate.m in Sources */,
				1BC2DF791AA2A6F1003CC510 /* main.m in Sources */,
				810492CF1AA33B5A0009EF39 /* InstaAuthViewController.m in Sources */,
				810492981AA2EC0A0009EF39 /* ProfileViewController.m in Sources */,
				810492CB1AA32D940009EF39 /* Instagram.m in Sources */,
				8104928E1AA2E9140009EF39 /* FeedViewController.m in Sources */,
				810492CA1AA32D940009EF39 /* IGRequest.m in Sources */,
				810DC4001AA2AC49006230FC /* RNFrostedSidebar.m in Sources */,
				810492AC1AA2EC770009EF39 /* AboutViewController.m in Sources */,
				810DC3FA1AA2AB8E006230FC /* SignUpViewController.m in Sources */,
				810DC3FD1AA2AB9B006230FC /* MainViewController.m in Sources */,
				810492A71AA2EC4E0009EF39 /* SettingsViewController.m in Sources */,
				810DC3F71AA2AB77006230FC /* LoginViewController.m in Sources */,
				810492A21AA2EC360009EF39 /* ActivityViewController.m in Sources */,
			);
			runOnlyForDeploymentPostprocessing = 0;
		};
		1BC2DF881AA2A6F1003CC510 /* Sources */ = {
			isa = PBXSourcesBuildPhase;
			buildActionMask = 2147483647;
			files = (
				1BC2DF931AA2A6F1003CC510 /* SelflessTests.m in Sources */,
			);
			runOnlyForDeploymentPostprocessing = 0;
		};
/* End PBXSourcesBuildPhase section */

/* Begin PBXTargetDependency section */
		1BC2DF8E1AA2A6F1003CC510 /* PBXTargetDependency */ = {
			isa = PBXTargetDependency;
			target = 1BC2DF721AA2A6F1003CC510 /* Selfless */;
			targetProxy = 1BC2DF8D1AA2A6F1003CC510 /* PBXContainerItemProxy */;
		};
/* End PBXTargetDependency section */

/* Begin PBXVariantGroup section */
		1BC2DF801AA2A6F1003CC510 /* Main.storyboard */ = {
			isa = PBXVariantGroup;
			children = (
				1BC2DF811AA2A6F1003CC510 /* Base */,
			);
			name = Main.storyboard;
			sourceTree = "<group>";
		};
		1BC2DF851AA2A6F1003CC510 /* LaunchScreen.xib */ = {
			isa = PBXVariantGroup;
			children = (
				1BC2DF861AA2A6F1003CC510 /* Base */,
			);
			name = LaunchScreen.xib;
			sourceTree = "<group>";
		};
/* End PBXVariantGroup section */

/* Begin XCBuildConfiguration section */
		1BC2DF941AA2A6F1003CC510 /* Debug */ = {
			isa = XCBuildConfiguration;
			buildSettings = {
				ALWAYS_SEARCH_USER_PATHS = NO;
				CLANG_CXX_LANGUAGE_STANDARD = "gnu++0x";
				CLANG_CXX_LIBRARY = "libc++";
				CLANG_ENABLE_MODULES = YES;
				CLANG_ENABLE_OBJC_ARC = YES;
				CLANG_WARN_BOOL_CONVERSION = YES;
				CLANG_WARN_CONSTANT_CONVERSION = YES;
				CLANG_WARN_DIRECT_OBJC_ISA_USAGE = YES_ERROR;
				CLANG_WARN_EMPTY_BODY = YES;
				CLANG_WARN_ENUM_CONVERSION = YES;
				CLANG_WARN_INT_CONVERSION = YES;
				CLANG_WARN_OBJC_ROOT_CLASS = YES_ERROR;
				CLANG_WARN_UNREACHABLE_CODE = YES;
				CLANG_WARN__DUPLICATE_METHOD_MATCH = YES;
				CODE_SIGN_IDENTITY = "iPhone Developer: Gilad Oved (XG726H4U35)";
				"CODE_SIGN_IDENTITY[sdk=iphoneos*]" = "iPhone Developer: Gilad Oved (XG726H4U35)";
				COPY_PHASE_STRIP = NO;
				ENABLE_STRICT_OBJC_MSGSEND = YES;
				GCC_C_LANGUAGE_STANDARD = gnu99;
				GCC_DYNAMIC_NO_PIC = NO;
				GCC_OPTIMIZATION_LEVEL = 0;
				GCC_PREPROCESSOR_DEFINITIONS = (
					"DEBUG=1",
					"$(inherited)",
				);
				GCC_SYMBOLS_PRIVATE_EXTERN = NO;
				GCC_WARN_64_TO_32_BIT_CONVERSION = YES;
				GCC_WARN_ABOUT_RETURN_TYPE = YES_ERROR;
				GCC_WARN_UNDECLARED_SELECTOR = YES;
				GCC_WARN_UNINITIALIZED_AUTOS = YES_AGGRESSIVE;
				GCC_WARN_UNUSED_FUNCTION = YES;
				GCC_WARN_UNUSED_VARIABLE = YES;
				IPHONEOS_DEPLOYMENT_TARGET = 8.1;
				MTL_ENABLE_DEBUG_INFO = YES;
				ONLY_ACTIVE_ARCH = YES;
				PROVISIONING_PROFILE = "";
				SDKROOT = iphoneos;
			};
			name = Debug;
		};
		1BC2DF951AA2A6F1003CC510 /* Release */ = {
			isa = XCBuildConfiguration;
			buildSettings = {
				ALWAYS_SEARCH_USER_PATHS = NO;
				CLANG_CXX_LANGUAGE_STANDARD = "gnu++0x";
				CLANG_CXX_LIBRARY = "libc++";
				CLANG_ENABLE_MODULES = YES;
				CLANG_ENABLE_OBJC_ARC = YES;
				CLANG_WARN_BOOL_CONVERSION = YES;
				CLANG_WARN_CONSTANT_CONVERSION = YES;
				CLANG_WARN_DIRECT_OBJC_ISA_USAGE = YES_ERROR;
				CLANG_WARN_EMPTY_BODY = YES;
				CLANG_WARN_ENUM_CONVERSION = YES;
				CLANG_WARN_INT_CONVERSION = YES;
				CLANG_WARN_OBJC_ROOT_CLASS = YES_ERROR;
				CLANG_WARN_UNREACHABLE_CODE = YES;
				CLANG_WARN__DUPLICATE_METHOD_MATCH = YES;
				CODE_SIGN_IDENTITY = "iPhone Developer: Gilad Oved (XG726H4U35)";
				"CODE_SIGN_IDENTITY[sdk=iphoneos*]" = "iPhone Developer: Gilad Oved (XG726H4U35)";
				COPY_PHASE_STRIP = YES;
				ENABLE_NS_ASSERTIONS = NO;
				ENABLE_STRICT_OBJC_MSGSEND = YES;
				GCC_C_LANGUAGE_STANDARD = gnu99;
				GCC_WARN_64_TO_32_BIT_CONVERSION = YES;
				GCC_WARN_ABOUT_RETURN_TYPE = YES_ERROR;
				GCC_WARN_UNDECLARED_SELECTOR = YES;
				GCC_WARN_UNINITIALIZED_AUTOS = YES_AGGRESSIVE;
				GCC_WARN_UNUSED_FUNCTION = YES;
				GCC_WARN_UNUSED_VARIABLE = YES;
				IPHONEOS_DEPLOYMENT_TARGET = 8.1;
				MTL_ENABLE_DEBUG_INFO = NO;
				PROVISIONING_PROFILE = "";
				SDKROOT = iphoneos;
				VALIDATE_PRODUCT = YES;
			};
			name = Release;
		};
		1BC2DF971AA2A6F1003CC510 /* Debug */ = {
			isa = XCBuildConfiguration;
			baseConfigurationReference = 6D52202ECBCB5632398508CB /* Pods-Selfless.debug.xcconfig */;
			buildSettings = {
				ASSETCATALOG_COMPILER_APPICON_NAME = AppIcon;
				CODE_SIGN_IDENTITY = "iPhone Developer";
				"CODE_SIGN_IDENTITY[sdk=iphoneos*]" = "iPhone Developer: Gilad Oved (XG726H4U35)";
				INFOPLIST_FILE = Selfless/Info.plist;
				IPHONEOS_DEPLOYMENT_TARGET = 8.0;
				LD_RUNPATH_SEARCH_PATHS = "$(inherited) @executable_path/Frameworks";
				PRODUCT_NAME = "$(TARGET_NAME)";
				PROVISIONING_PROFILE = "";
			};
			name = Debug;
		};
		1BC2DF981AA2A6F1003CC510 /* Release */ = {
			isa = XCBuildConfiguration;
			baseConfigurationReference = 58CA1EED3ED4659091DC2B55 /* Pods-Selfless.release.xcconfig */;
			buildSettings = {
				ASSETCATALOG_COMPILER_APPICON_NAME = AppIcon;
				CODE_SIGN_IDENTITY = "iPhone Developer";
				"CODE_SIGN_IDENTITY[sdk=iphoneos*]" = "iPhone Developer: Gilad Oved (XG726H4U35)";
				INFOPLIST_FILE = Selfless/Info.plist;
				IPHONEOS_DEPLOYMENT_TARGET = 8.0;
				LD_RUNPATH_SEARCH_PATHS = "$(inherited) @executable_path/Frameworks";
				PRODUCT_NAME = "$(TARGET_NAME)";
				PROVISIONING_PROFILE = "";
			};
			name = Release;
		};
		1BC2DF9A1AA2A6F1003CC510 /* Debug */ = {
			isa = XCBuildConfiguration;
			buildSettings = {
				BUNDLE_LOADER = "$(TEST_HOST)";
				CODE_SIGN_IDENTITY = "iPhone Developer";
				"CODE_SIGN_IDENTITY[sdk=iphoneos*]" = "iPhone Developer";
				FRAMEWORK_SEARCH_PATHS = (
					"$(SDKROOT)/Developer/Library/Frameworks",
					"$(inherited)",
				);
				GCC_PREPROCESSOR_DEFINITIONS = (
					"DEBUG=1",
					"$(inherited)",
				);
				INFOPLIST_FILE = SelflessTests/Info.plist;
				LD_RUNPATH_SEARCH_PATHS = "$(inherited) @executable_path/Frameworks @loader_path/Frameworks";
				PRODUCT_NAME = "$(TARGET_NAME)";
				PROVISIONING_PROFILE = "";
				TEST_HOST = "$(BUILT_PRODUCTS_DIR)/Selfless.app/Selfless";
			};
			name = Debug;
		};
		1BC2DF9B1AA2A6F1003CC510 /* Release */ = {
			isa = XCBuildConfiguration;
			buildSettings = {
				BUNDLE_LOADER = "$(TEST_HOST)";
				CODE_SIGN_IDENTITY = "iPhone Developer";
				"CODE_SIGN_IDENTITY[sdk=iphoneos*]" = "iPhone Developer";
				FRAMEWORK_SEARCH_PATHS = (
					"$(SDKROOT)/Developer/Library/Frameworks",
					"$(inherited)",
				);
				INFOPLIST_FILE = SelflessTests/Info.plist;
				LD_RUNPATH_SEARCH_PATHS = "$(inherited) @executable_path/Frameworks @loader_path/Frameworks";
				PRODUCT_NAME = "$(TARGET_NAME)";
				PROVISIONING_PROFILE = "";
				TEST_HOST = "$(BUILT_PRODUCTS_DIR)/Selfless.app/Selfless";
			};
			name = Release;
		};
/* End XCBuildConfiguration section */

/* Begin XCConfigurationList section */
		1BC2DF6E1AA2A6F1003CC510 /* Build configuration list for PBXProject "Selfless" */ = {
			isa = XCConfigurationList;
			buildConfigurations = (
				1BC2DF941AA2A6F1003CC510 /* Debug */,
				1BC2DF951AA2A6F1003CC510 /* Release */,
			);
			defaultConfigurationIsVisible = 0;
			defaultConfigurationName = Release;
		};
		1BC2DF961AA2A6F1003CC510 /* Build configuration list for PBXNativeTarget "Selfless" */ = {
			isa = XCConfigurationList;
			buildConfigurations = (
				1BC2DF971AA2A6F1003CC510 /* Debug */,
				1BC2DF981AA2A6F1003CC510 /* Release */,
			);
			defaultConfigurationIsVisible = 0;
			defaultConfigurationName = Release;
		};
		1BC2DF991AA2A6F1003CC510 /* Build configuration list for PBXNativeTarget "SelflessTests" */ = {
			isa = XCConfigurationList;
			buildConfigurations = (
				1BC2DF9A1AA2A6F1003CC510 /* Debug */,
				1BC2DF9B1AA2A6F1003CC510 /* Release */,
			);
			defaultConfigurationIsVisible = 0;
			defaultConfigurationName = Release;
		};
/* End XCConfigurationList section */
	};
	rootObject = 1BC2DF6B1AA2A6F1003CC510 /* Project object */;
}
